lockfileVersion: '6.0'

settings:
  autoInstallPeers: true
  excludeLinksFromLockfile: false

dependencies:
  autor:
    specifier: ^0.500.0
    version: 0.500.0

devDependencies:
  '@types/node':
    specifier: ^20.4.1
    version: 20.4.1
  typescript:
    specifier: ^5.1.6
    version: 5.1.6

packages:

  /@autor/api@0.500.0:
    resolution: {integrity: sha512-xAnrMIALmMS/23i0KUtkhF2sURMg8uSzZ+/OdrOpWjTy8U82ItXKS80gJ5PmgC25RDwnp8FLj/kNnUA1mrXuiQ==}
    dev: false

  /@types/node@20.4.1:
    resolution: {integrity: sha512-JIzsAvJeA/5iY6Y/OxZbv1lUcc8dNSE77lb2gnBH+/PJ3lFR1Ccvgwl5JWnHAkNHcRsT0TbpVOsiMKZ1F/yyJg==}
    dev: true

  /autor@0.500.0:
    resolution: {integrity: sha512-+FVBJknu3KEQO7mQmaoV0nGFkAC0+gFbtQqkWXgXAWM4FgqKbFTjD8FwseAwc9AjXZ6sNp7dyi7tUa5RbVTSUg==}
    dependencies:
      '@autor/api': 0.500.0
    dev: false

  /typescript@5.1.6:
    resolution: {integrity: sha512-zaWCozRZ6DLEWAWFrVDz1H6FVXzUSfTy5FUMWsQlU8Ym5JP9eO4xkTIROFCQvhQf61z6O/G6ugw3SgAnvvm+HA==}
    engines: {node: '>=14.17'}
    hasBin: true
    dev: true
